// !$*UTF8*$!
{
	archiveVersion = 1;
	classes = {
	};
	objectVersion = 46;
	objects = {

/* Begin PBXBuildFile section */
		2AB9D06489D237066AAF636E /* Main.storyboard in Resources */ = {isa = PBXBuildFile; fileRef = 2AB9DEE460D68FFF321B66E1 /* Main.storyboard */; };
		2AB9D0702D92C983B2C04294 /* AppDelegate.m in Sources */ = {isa = PBXBuildFile; fileRef = 2AB9DB0D6DCAA8B13F4B08AA /* AppDelegate.m */; };
		2AB9D5DAD0B8034279613F51 /* Images.xcassets in Resources */ = {isa = PBXBuildFile; fileRef = 2AB9DFCA7FE1DAA7AD08B5FF /* Images.xcassets */; };
		2AB9D63F1CF0B0F0AA079F60 /* ViewController.m in Sources */ = {isa = PBXBuildFile; fileRef = 2AB9D191A3E13CA5E13B7016 /* ViewController.m */; };
		2AB9D728DA3CCB66AFC89543 /* glass-hack.png in Resources */ = {isa = PBXBuildFile; fileRef = 2AB9DFC924B19708FBE21064 /* glass-hack.png */; };
		2AB9DAC3199C8826782376DD /* main.m in Sources */ = {isa = PBXBuildFile; fileRef = 2AB9D916B6D716083EF41849 /* main.m */; };
		2AB9DAE70D4F7EAEF23FF7DF /* LaunchScreen.xib in Resources */ = {isa = PBXBuildFile; fileRef = 2AB9D3493B57CB989603A2AC /* LaunchScreen.xib */; };
		2AB9DE4CA47F9C9F27775B6D /* gh_ios_7Tests.m in Sources */ = {isa = PBXBuildFile; fileRef = 2AB9D9E6A05FAA63DA79CEC7 /* gh_ios_7Tests.m */; };
/* End PBXBuildFile section */

/* Begin PBXContainerItemProxy section */
		2AB9DB0904D3D9CF7A393618 /* PBXContainerItemProxy */ = {
			isa = PBXContainerItemProxy;
			containerPortal = 2AB9D59727A6F8AA072987C1 /* Project object */;
			proxyType = 1;
			remoteGlobalIDString = 2AB9DF13F7DB9856B422EEE0;
			remoteInfo = "gh-ios-7";
		};
/* End PBXContainerItemProxy section */

/* Begin PBXFileReference section */
		2AB9D191A3E13CA5E13B7016 /* ViewController.m */ = {isa = PBXFileReference; lastKnownFileType = sourcecode.c.objc; path = ViewController.m; sourceTree = "<group>"; };
		2AB9D28C43F8B3AADF85554F /* Info.plist */ = {isa = PBXFileReference; lastKnownFileType = text.plist.info; path = Info.plist; sourceTree = "<group>"; };
		2AB9D468A0AEFDB199200A86 /* AppDelegate.h */ = {isa = PBXFileReference; lastKnownFileType = sourcecode.c.h; path = AppDelegate.h; sourceTree = "<group>"; };
		2AB9D47A2AA68DBCE0EF1F14 /* ViewController.h */ = {isa = PBXFileReference; lastKnownFileType = sourcecode.c.h; path = ViewController.h; sourceTree = "<group>"; };
		2AB9D6E50EA49C63F0AA794E /* Base */ = {isa = PBXFileReference; lastKnownFileType = file.xib; name = Base; path = Base.lproj/LaunchScreen.xib; sourceTree = "<group>"; };
		2AB9D8B454626FBC555C1D38 /* gh-ios-7Tests.xctest */ = {isa = PBXFileReference; explicitFileType = wrapper.cfbundle; includeInIndex = 0; path = "gh-ios-7Tests.xctest"; sourceTree = BUILT_PRODUCTS_DIR; };
		2AB9D916B6D716083EF41849 /* main.m */ = {isa = PBXFileReference; lastKnownFileType = sourcecode.c.objc; path = main.m; sourceTree = "<group>"; };
		2AB9D9E6A05FAA63DA79CEC7 /* gh_ios_7Tests.m */ = {isa = PBXFileReference; lastKnownFileType = sourcecode.c.objc; path = gh_ios_7Tests.m; sourceTree = "<group>"; };
		2AB9DB0D6DCAA8B13F4B08AA /* AppDelegate.m */ = {isa = PBXFileReference; lastKnownFileType = sourcecode.c.objc; path = AppDelegate.m; sourceTree = "<group>"; };
		2AB9DB219690D48A5FC3C458 /* Info.plist */ = {isa = PBXFileReference; lastKnownFileType = text.plist.info; path = Info.plist; sourceTree = "<group>"; };
		2AB9DDA7B34A55E403B7AFC6 /* gh-ios-7.app */ = {isa = PBXFileReference; explicitFileType = wrapper.application; includeInIndex = 0; path = "gh-ios-7.app"; sourceTree = BUILT_PRODUCTS_DIR; };
		2AB9DE836F4E5B47A06DB158 /* Base */ = {isa = PBXFileReference; lastKnownFileType = file.storyboard; name = Base; path = Base.lproj/Main.storyboard; sourceTree = "<group>"; };
		2AB9DFC924B19708FBE21064 /* glass-hack.png */ = {isa = PBXFileReference; lastKnownFileType = image.png; path = "glass-hack.png"; sourceTree = "<group>"; };
		2AB9DFCA7FE1DAA7AD08B5FF /* Images.xcassets */ = {isa = PBXFileReference; lastKnownFileType = folder.assetcatalog; path = Images.xcassets; sourceTree = "<group>"; };
/* End PBXFileReference section */

/* Begin PBXFrameworksBuildPhase section */
		2AB9D07A447CCB36541EB9E3 /* Frameworks */ = {
			isa = PBXFrameworksBuildPhase;
			buildActionMask = 2147483647;
			files = (
			);
			runOnlyForDeploymentPostprocessing = 0;
		};
		2AB9D4610BEB71CFD43F9B05 /* Frameworks */ = {
			isa = PBXFrameworksBuildPhase;
			buildActionMask = 2147483647;
			files = (
			);
			runOnlyForDeploymentPostprocessing = 0;
		};
/* End PBXFrameworksBuildPhase section */

/* Begin PBXGroup section */
		2AB9D04670C1FFAB8522980B /* Supporting Files */ = {
			isa = PBXGroup;
			children = (
				2AB9DB219690D48A5FC3C458 /* Info.plist */,
			);
			name = "Supporting Files";
			sourceTree = "<group>";
		};
		2AB9D15988F4061271401A6D /* gh-ios-7 */ = {
			isa = PBXGroup;
			children = (
				2AB9D48D0CBEE00D30666D6D /* Supporting Files */,
				2AB9DFCA7FE1DAA7AD08B5FF /* Images.xcassets */,
				2AB9D3493B57CB989603A2AC /* LaunchScreen.xib */,
				2AB9D468A0AEFDB199200A86 /* AppDelegate.h */,
				2AB9DB0D6DCAA8B13F4B08AA /* AppDelegate.m */,
				2AB9DEE460D68FFF321B66E1 /* Main.storyboard */,
				2AB9D47A2AA68DBCE0EF1F14 /* ViewController.h */,
				2AB9D191A3E13CA5E13B7016 /* ViewController.m */,
			);
			path = "gh-ios-7";
			sourceTree = "<group>";
		};
		2AB9D48D0CBEE00D30666D6D /* Supporting Files */ = {
			isa = PBXGroup;
			children = (
				2AB9D28C43F8B3AADF85554F /* Info.plist */,
				2AB9D916B6D716083EF41849 /* main.m */,
				2AB9DFC924B19708FBE21064 /* glass-hack.png */,
			);
			name = "Supporting Files";
			sourceTree = "<group>";
		};
		2AB9D6F82C26EAA71C061424 /* gh-ios-7Tests */ = {
			isa = PBXGroup;
			children = (
				2AB9D04670C1FFAB8522980B /* Supporting Files */,
				2AB9D9E6A05FAA63DA79CEC7 /* gh_ios_7Tests.m */,
			);
			path = "gh-ios-7Tests";
			sourceTree = "<group>";
		};
		2AB9DCDA92ECBBCCC660C384 = {
			isa = PBXGroup;
			children = (
				2AB9DED4599CC9834D8A3F02 /* Products */,
				2AB9D15988F4061271401A6D /* gh-ios-7 */,
				2AB9D6F82C26EAA71C061424 /* gh-ios-7Tests */,
			);
			sourceTree = "<group>";
		};
		2AB9DED4599CC9834D8A3F02 /* Products */ = {
			isa = PBXGroup;
			children = (
				2AB9DDA7B34A55E403B7AFC6 /* gh-ios-7.app */,
				2AB9D8B454626FBC555C1D38 /* gh-ios-7Tests.xctest */,
			);
			name = Products;
			sourceTree = "<group>";
		};
/* End PBXGroup section */

/* Begin PBXNativeTarget section */
		2AB9D0AF3B7E0DFD9E63E80C /* gh-ios-7Tests */ = {
			isa = PBXNativeTarget;
			buildConfigurationList = 2AB9DED752BCBF208CB84550 /* Build configuration list for PBXNativeTarget "gh-ios-7Tests" */;
			buildPhases = (
				2AB9D15E51B0DA2A53B7B67A /* Sources */,
				2AB9D4610BEB71CFD43F9B05 /* Frameworks */,
				2AB9D7E881B00600BE9180DB /* Resources */,
			);
			buildRules = (
			);
			dependencies = (
				2AB9D2BB366489647708B746 /* PBXTargetDependency */,
			);
			name = "gh-ios-7Tests";
			productName = "gh-ios-7Tests";
			productReference = 2AB9D8B454626FBC555C1D38 /* gh-ios-7Tests.xctest */;
			productType = "com.apple.product-type.bundle.unit-test";
		};
		2AB9DF13F7DB9856B422EEE0 /* gh-ios-7 */ = {
			isa = PBXNativeTarget;
			buildConfigurationList = 2AB9DDD5917D107FA99A009C /* Build configuration list for PBXNativeTarget "gh-ios-7" */;
			buildPhases = (
				2AB9D4F398168261FCEB2F0A /* Sources */,
				2AB9D07A447CCB36541EB9E3 /* Frameworks */,
				2AB9D515753953E2CDDB304A /* Resources */,
			);
			buildRules = (
			);
			dependencies = (
			);
			name = "gh-ios-7";
			productName = "gh-ios-7";
			productReference = 2AB9DDA7B34A55E403B7AFC6 /* gh-ios-7.app */;
			productType = "com.apple.product-type.application";
		};
/* End PBXNativeTarget section */

/* Begin PBXProject section */
		2AB9D59727A6F8AA072987C1 /* Project object */ = {
			isa = PBXProject;
			attributes = {
				ORGANIZATIONNAME = geekhub;
			};
			buildConfigurationList = 2AB9D3214E2FE95E5C2D22BE /* Build configuration list for PBXProject "gh-ios-7" */;
			compatibilityVersion = "Xcode 3.2";
			developmentRegion = English;
			hasScannedForEncodings = 0;
			knownRegions = (
				en,
			);
			mainGroup = 2AB9DCDA92ECBBCCC660C384;
			productRefGroup = 2AB9DED4599CC9834D8A3F02 /* Products */;
			projectDirPath = "";
			projectRoot = "";
			targets = (
				2AB9DF13F7DB9856B422EEE0 /* gh-ios-7 */,
				2AB9D0AF3B7E0DFD9E63E80C /* gh-ios-7Tests */,
			);
		};
/* End PBXProject section */

/* Begin PBXResourcesBuildPhase section */
		2AB9D515753953E2CDDB304A /* Resources */ = {
			isa = PBXResourcesBuildPhase;
			buildActionMask = 2147483647;
			files = (
				2AB9D5DAD0B8034279613F51 /* Images.xcassets in Resources */,
				2AB9DAE70D4F7EAEF23FF7DF /* LaunchScreen.xib in Resources */,
				2AB9D06489D237066AAF636E /* Main.storyboard in Resources */,
				2AB9D728DA3CCB66AFC89543 /* glass-hack.png in Resources */,
			);
			runOnlyForDeploymentPostprocessing = 0;
		};
		2AB9D7E881B00600BE9180DB /* Resources */ = {
			isa = PBXResourcesBuildPhase;
			buildActionMask = 2147483647;
			files = (
			);
			runOnlyForDeploymentPostprocessing = 0;
		};
/* End PBXResourcesBuildPhase section */

/* Begin PBXSourcesBuildPhase section */
		2AB9D15E51B0DA2A53B7B67A /* Sources */ = {
			isa = PBXSourcesBuildPhase;
			buildActionMask = 2147483647;
			files = (
				2AB9DE4CA47F9C9F27775B6D /* gh_ios_7Tests.m in Sources */,
			);
			runOnlyForDeploymentPostprocessing = 0;
		};
		2AB9D4F398168261FCEB2F0A /* Sources */ = {
			isa = PBXSourcesBuildPhase;
			buildActionMask = 2147483647;
			files = (
				2AB9DAC3199C8826782376DD /* main.m in Sources */,
				2AB9D0702D92C983B2C04294 /* AppDelegate.m in Sources */,
				2AB9D63F1CF0B0F0AA079F60 /* ViewController.m in Sources */,
			);
			runOnlyForDeploymentPostprocessing = 0;
		};
/* End PBXSourcesBuildPhase section */

/* Begin PBXTargetDependency section */
		2AB9D2BB366489647708B746 /* PBXTargetDependency */ = {
			isa = PBXTargetDependency;
			target = 2AB9DF13F7DB9856B422EEE0 /* gh-ios-7 */;
			targetProxy = 2AB9DB0904D3D9CF7A393618 /* PBXContainerItemProxy */;
		};
/* End PBXTargetDependency section */

/* Begin PBXVariantGroup section */
		2AB9D3493B57CB989603A2AC /* LaunchScreen.xib */ = {
			isa = PBXVariantGroup;
			children = (
				2AB9D6E50EA49C63F0AA794E /* Base */,
			);
			name = LaunchScreen.xib;
			sourceTree = "<group>";
		};
		2AB9DEE460D68FFF321B66E1 /* Main.storyboard */ = {
			isa = PBXVariantGroup;
			children = (
				2AB9DE836F4E5B47A06DB158 /* Base */,
			);
			name = Main.storyboard;
			sourceTree = "<group>";
		};
/* End PBXVariantGroup section */

/* Begin XCBuildConfiguration section */
		2AB9D0CE308F241C40C0F8EF /* Release */ = {
			isa = XCBuildConfiguration;
			buildSettings = {
				ALWAYS_SEARCH_USER_PATHS = NO;
				CLANG_CXX_LANGUAGE_STANDARD = "gnu++0x";
				CLANG_CXX_LIBRARY = "libc++";
				CLANG_ENABLE_MODULES = YES;
				CLANG_ENABLE_OBJC_ARC = YES;
				CLANG_WARN_BOOL_CONVERSION = YES;
				CLANG_WARN_CONSTANT_CONVERSION = YES;
				CLANG_WARN_DIRECT_OBJC_ISA_USAGE = YES_ERROR;
				CLANG_WARN_EMPTY_BODY = YES;
				CLANG_WARN_ENUM_CONVERSION = YES;
				CLANG_WARN_INT_CONVERSION = YES;
				CLANG_WARN_OBJC_ROOT_CLASS = YES_ERROR;
				CLANG_WARN_UNREACHABLE_CODE = YES;
				CLANG_WARN__DUPLICATE_METHOD_MATCH = YES;
				"CODE_SIGN_IDENTITY[sdk=iphoneos*]" = "iPhone Developer";
				COPY_PHASE_STRIP = YES;
				ENABLE_NS_ASSERTIONS = NO;
				ENABLE_STRICT_OBJC_MSGSEND = YES;
				GCC_C_LANGUAGE_STANDARD = gnu99;
				GCC_WARN_64_TO_32_BIT_CONVERSION = YES;
				GCC_WARN_ABOUT_RETURN_TYPE = YES_ERROR;
				GCC_WARN_UNDECLARED_SELECTOR = YES;
				GCC_WARN_UNINITIALIZED_AUTOS = YES_AGGRESSIVE;
				GCC_WARN_UNUSED_FUNCTION = YES;
				GCC_WARN_UNUSED_VARIABLE = YES;
				IPHONEOS_DEPLOYMENT_TARGET = 8.1;
				MTL_ENABLE_DEBUG_INFO = NO;
				SDKROOT = iphoneos;
				VALIDATE_PRODUCT = YES;
			};
			name = Release;
		};
		2AB9D4825FB2BF260899D8E7 /* Release */ = {
			isa = XCBuildConfiguration;
			buildSettings = {
				BUNDLE_LOADER = "$(BUILT_PRODUCTS_DIR)/gh-ios-7.app/gh-ios-7";
				FRAMEWORK_SEARCH_PATHS = (
					"$(SDKROOT)/Developer/Library/Frameworks",
					"$(inherited)",
				);
				INFOPLIST_FILE = "gh-ios-7Tests/Info.plist";
				LD_RUNPATH_SEARCH_PATHS = "$(inherited) @executable_path/Frameworks @loader_path/Frameworks";
				PRODUCT_NAME = "$(TARGET_NAME)";
				TEST_HOST = "$(BUNDLE_LOADER)";
			};
			name = Release;
		};
		2AB9D5D65CF530F2C728C46D /* Release */ = {
			isa = XCBuildConfiguration;
			buildSettings = {
				ASSETCATALOG_COMPILER_APPICON_NAME = AppIcon;
				INFOPLIST_FILE = "gh-ios-7/Info.plist";
				LD_RUNPATH_SEARCH_PATHS = "$(inherited) @executable_path/Frameworks";
				PRODUCT_NAME = "$(TARGET_NAME)";
			};
			name = Release;
		};
		2AB9D79D249D22A0CBDEE4F2 /* Debug */ = {
			isa = XCBuildConfiguration;
			buildSettings = {
				ASSETCATALOG_COMPILER_APPICON_NAME = AppIcon;
				INFOPLIST_FILE = "gh-ios-7/Info.plist";
				LD_RUNPATH_SEARCH_PATHS = "$(inherited) @executable_path/Frameworks";
				PRODUCT_NAME = "$(TARGET_NAME)";
			};
			name = Debug;
		};
		2AB9D79F95380A95B860D528 /* Debug */ = {
			isa = XCBuildConfiguration;
			buildSettings = {
				ALWAYS_SEARCH_USER_PATHS = NO;
				CLANG_CXX_LANGUAGE_STANDARD = "gnu++0x";
				CLANG_CXX_LIBRARY = "libc++";
				CLANG_ENABLE_MODULES = YES;
				CLANG_ENABLE_OBJC_ARC = YES;
				CLANG_WARN_BOOL_CONVERSION = YES;
				CLANG_WARN_CONSTANT_CONVERSION = YES;
				CLANG_WARN_DIRECT_OBJC_ISA_USAGE = YES_ERROR;
				CLANG_WARN_EMPTY_BODY = YES;
				CLANG_WARN_ENUM_CONVERSION = YES;
				CLANG_WARN_INT_CONVERSION = YES;
				CLANG_WARN_OBJC_ROOT_CLASS = YES_ERROR;
				CLANG_WARN_UNREACHABLE_CODE = YES;
				CLANG_WARN__DUPLICATE_METHOD_MATCH = YES;
				"CODE_SIGN_IDENTITY[sdk=iphoneos*]" = "iPhone Developer";
				COPY_PHASE_STRIP = NO;
				ENABLE_STRICT_OBJC_MSGSEND = YES;
				GCC_C_LANGUAGE_STANDARD = gnu99;
				GCC_DYNAMIC_NO_PIC = NO;
				GCC_OPTIMIZATION_LEVEL = 0;
				GCC_PREPROCESSOR_DEFINITIONS = (
					"DEBUG=1",
					"$(inherited)",
				);
				GCC_SYMBOLS_PRIVATE_EXTERN = NO;
				GCC_WARN_64_TO_32_BIT_CONVERSION = YES;
				GCC_WARN_ABOUT_RETURN_TYPE = YES_ERROR;
				GCC_WARN_UNDECLARED_SELECTOR = YES;
				GCC_WARN_UNINITIALIZED_AUTOS = YES_AGGRESSIVE;
				GCC_WARN_UNUSED_FUNCTION = YES;
				GCC_WARN_UNUSED_VARIABLE = YES;
				IPHONEOS_DEPLOYMENT_TARGET = 8.1;
				MTL_ENABLE_DEBUG_INFO = YES;
				ONLY_ACTIVE_ARCH = YES;
				SDKROOT = iphoneos;
			};
			name = Debug;
		};
		2AB9DF8B49A7358C532BC9AE /* Debug */ = {
			isa = XCBuildConfiguration;
			buildSettings = {
				BUNDLE_LOADER = "$(BUILT_PRODUCTS_DIR)/gh-ios-7.app/gh-ios-7";
				FRAMEWORK_SEARCH_PATHS = (
					"$(SDKROOT)/Developer/Library/Frameworks",
					"$(inherited)",
				);
				INFOPLIST_FILE = "gh-ios-7Tests/Info.plist";
				LD_RUNPATH_SEARCH_PATHS = "$(inherited) @executable_path/Frameworks @loader_path/Frameworks";
				PRODUCT_NAME = "$(TARGET_NAME)";
				TEST_HOST = "$(BUNDLE_LOADER)";
			};
			name = Debug;
		};
/* End XCBuildConfiguration section */

/* Begin XCConfigurationList section */
		2AB9D3214E2FE95E5C2D22BE /* Build configuration list for PBXProject "gh-ios-7" */ = {
			isa = XCConfigurationList;
			buildConfigurations = (
				2AB9D79F95380A95B860D528 /* Debug */,
				2AB9D0CE308F241C40C0F8EF /* Release */,
			);
			defaultConfigurationIsVisible = 0;
			defaultConfigurationName = Release;
		};
		2AB9DDD5917D107FA99A009C /* Build configuration list for PBXNativeTarget "gh-ios-7" */ = {
			isa = XCConfigurationList;
			buildConfigurations = (
				2AB9D79D249D22A0CBDEE4F2 /* Debug */,
				2AB9D5D65CF530F2C728C46D /* Release */,
			);
			defaultConfigurationIsVisible = 0;
		};
		2AB9DED752BCBF208CB84550 /* Build configuration list for PBXNativeTarget "gh-ios-7Tests" */ = {
			isa = XCConfigurationList;
			buildConfigurations = (
				2AB9DF8B49A7358C532BC9AE /* Debug */,
				2AB9D4825FB2BF260899D8E7 /* Release */,
			);
			defaultConfigurationIsVisible = 0;
		};
/* End XCConfigurationList section */
	};
	rootObject = 2AB9D59727A6F8AA072987C1 /* Project object */;
}
